{
  "name": "ansible-tower",
  "version": "3.0.0",
  "dependencies": {
    "angular": {
      "version": "1.4.3",
      "from": "https://registry.npmjs.org/angular/-/angular-1.4.3.tgz",
      "resolved": "https://registry.npmjs.org/angular/-/angular-1.4.3.tgz"
    },
    "angular-route": {
      "version": "1.4.8",
      "from": "angular-route@*",
      "resolved": "https://registry.npmjs.org/angular-route/-/angular-route-1.4.8.tgz"
    },
    "commander": {
      "version": "2.8.1",
      "from": "https://registry.npmjs.org/commander/-/commander-2.8.1.tgz",
      "resolved": "https://registry.npmjs.org/commander/-/commander-2.8.1.tgz",
      "dependencies": {
        "graceful-readlink": {
          "version": "1.0.1",
          "from": "https://registry.npmjs.org/graceful-readlink/-/graceful-readlink-1.0.1.tgz",
          "resolved": "https://registry.npmjs.org/graceful-readlink/-/graceful-readlink-1.0.1.tgz"
        }
      }
    },
    "copy-dereference": {
      "version": "1.0.0",
      "from": "https://registry.npmjs.org/copy-dereference/-/copy-dereference-1.0.0.tgz",
      "resolved": "https://registry.npmjs.org/copy-dereference/-/copy-dereference-1.0.0.tgz"
    },
    "d3": {
      "version": "3.5.6",
      "from": "https://registry.npmjs.org/d3/-/d3-3.5.6.tgz",
      "resolved": "https://registry.npmjs.org/d3/-/d3-3.5.6.tgz"
    },
    "jquery": {
      "version": "2.1.4",
      "from": "https://registry.npmjs.org/jquery/-/jquery-2.1.4.tgz",
      "resolved": "https://registry.npmjs.org/jquery/-/jquery-2.1.4.tgz"
    },
    "jquery-ui": {
      "version": "1.10.5",
      "from": "jquery-ui@*",
      "resolved": "https://registry.npmjs.org/jquery-ui/-/jquery-ui-1.10.5.tgz"
    },
    "moment": {
      "version": "2.10.3",
      "from": "https://registry.npmjs.org/moment/-/moment-2.10.3.tgz",
      "resolved": "https://registry.npmjs.org/moment/-/moment-2.10.3.tgz"
    },
    "nvd3": {
      "version": "1.8.1",
      "from": "https://registry.npmjs.org/nvd3/-/nvd3-1.8.1.tgz",
      "resolved": "https://registry.npmjs.org/nvd3/-/nvd3-1.8.1.tgz"
    }
  }
}
